
Microsoft Visual Studio Solution File, Format Version 12.00
# Visual Studio Version 17
VisualStudioVersion = 17.7.34031.279
MinimumVisualStudioVersion = 10.0.40219.1
Project("{FAE04EC0-301F-11D3-BF4B-00C04F79EFBC}") = "Esacape From Tolochin", "Esacape From Tolochin\Esacape From Tolochin.csproj", "{6EFC1368-19E2-4937-9556-76E961EB0EE8}"
EndProject
Global
	GlobalSection(SolutionConfigurationPlatforms) = preSolution
		Debug|Any CPU = Debug|Any CPU
		Release|Any CPU = Release|Any CPU
	EndGlobalSection
	GlobalSection(ProjectConfigurationPlatforms) = postSolution
		{6EFC1368-19E2-4937-9556-76E961EB0EE8}.Debug|Any CPU.ActiveCfg = Debug|Any CPU
		{6EFC1368-19E2-4937-9556-76E961EB0EE8}.Debug|Any CPU.Build.0 = Debug|Any CPU
		{6EFC1368-19E2-4937-9556-76E961EB0EE8}.Release|Any CPU.ActiveCfg = Release|Any CPU
		{6EFC1368-19E2-4937-9556-76E961EB0EE8}.Release|Any CPU.Build.0 = Release|Any CPU
	EndGlobalSection
	GlobalSection(SolutionProperties) = preSolution
		HideSolutionNode = FALSE
	EndGlobalSection
	GlobalSection(ExtensibilityGlobals) = postSolution
		SolutionGuid = {ED40C8B4-92BE-4843-8208-1BE3D9EB96DC}
	EndGlobalSection
EndGlobal
